
Microsoft Visual Studio Solution File, Format Version 12.00
# Visual Studio Version 16
VisualStudioVersion = 16.0.30011.22
MinimumVisualStudioVersion = 10.0.40219.1
Project("{9A19103F-16F7-4668-BE54-9A1E7A4F7556}") = "jackcess-net", "jackcess-net.csproj", "{0F174199-D364-4F23-9EB4-1892E0CA6002}"
EndProject
Global
	GlobalSection(SolutionConfigurationPlatforms) = preSolution
		Debug|Any CPU = Debug|Any CPU
		Release|Any CPU = Release|Any CPU
	EndGlobalSection
	GlobalSection(ProjectConfigurationPlatforms) = postSolution
		{0F174199-D364-4F23-9EB4-1892E0CA6002}.Debug|Any CPU.ActiveCfg = Debug|Any CPU
		{0F174199-D364-4F23-9EB4-1892E0CA6002}.Debug|Any CPU.Build.0 = Debug|Any CPU
		{0F174199-D364-4F23-9EB4-1892E0CA6002}.Release|Any CPU.ActiveCfg = Release|Any CPU
		{0F174199-D364-4F23-9EB4-1892E0CA6002}.Release|Any CPU.Build.0 = Release|Any CPU
	EndGlobalSection
	GlobalSection(SolutionProperties) = preSolution
		HideSolutionNode = FALSE
	EndGlobalSection
	GlobalSection(ExtensibilityGlobals) = postSolution
		SolutionGuid = {E7CFA809-46B0-4E12-B140-459CD3B73AD0}
	EndGlobalSection
EndGlobal
